// !$*UTF8*$!
{
	archiveVersion = 1;
	classes = {
	};
	objectVersion = 56;
	objects = {

/* Begin PBXBuildFile section */
		4806B4B828B0FA8E00BC3A12 /* tik_tok_cloneApp.swift in Sources */ = {isa = PBXBuildFile; fileRef = 4806B4B728B0FA8E00BC3A12 /* tik_tok_cloneApp.swift */; };
		4806B4BA28B0FA8E00BC3A12 /* ContentView.swift in Sources */ = {isa = PBXBuildFile; fileRef = 4806B4B928B0FA8E00BC3A12 /* ContentView.swift */; };
		4806B4BC28B0FA8F00BC3A12 /* Assets.xcassets in Resources */ = {isa = PBXBuildFile; fileRef = 4806B4BB28B0FA8F00BC3A12 /* Assets.xcassets */; };
		4806B4C028B0FA8F00BC3A12 /* Preview Assets.xcassets in Resources */ = {isa = PBXBuildFile; fileRef = 4806B4BF28B0FA8F00BC3A12 /* Preview Assets.xcassets */; };
		4806B4CA28B0FA8F00BC3A12 /* tik_tok_cloneTests.swift in Sources */ = {isa = PBXBuildFile; fileRef = 4806B4C928B0FA8F00BC3A12 /* tik_tok_cloneTests.swift */; };
		4806B4D428B0FA8F00BC3A12 /* tik_tok_cloneUITests.swift in Sources */ = {isa = PBXBuildFile; fileRef = 4806B4D328B0FA8F00BC3A12 /* tik_tok_cloneUITests.swift */; };
		4806B4D628B0FA8F00BC3A12 /* tik_tok_cloneUITestsLaunchTests.swift in Sources */ = {isa = PBXBuildFile; fileRef = 4806B4D528B0FA8F00BC3A12 /* tik_tok_cloneUITestsLaunchTests.swift */; };
/* End PBXBuildFile section */

/* Begin PBXContainerItemProxy section */
		4806B4C628B0FA8F00BC3A12 /* PBXContainerItemProxy */ = {
			isa = PBXContainerItemProxy;
			containerPortal = 4806B4AC28B0FA8E00BC3A12 /* Project object */;
			proxyType = 1;
			remoteGlobalIDString = 4806B4B328B0FA8E00BC3A12;
			remoteInfo = "tik-tok-clone";
		};
		4806B4D028B0FA8F00BC3A12 /* PBXContainerItemProxy */ = {
			isa = PBXContainerItemProxy;
			containerPortal = 4806B4AC28B0FA8E00BC3A12 /* Project object */;
			proxyType = 1;
			remoteGlobalIDString = 4806B4B328B0FA8E00BC3A12;
			remoteInfo = "tik-tok-clone";
		};
/* End PBXContainerItemProxy section */

/* Begin PBXFileReference section */
		4806B4B428B0FA8E00BC3A12 /* tik-tok-clone.app */ = {isa = PBXFileReference; explicitFileType = wrapper.application; includeInIndex = 0; path = "tik-tok-clone.app"; sourceTree = BUILT_PRODUCTS_DIR; };
		4806B4B728B0FA8E00BC3A12 /* tik_tok_cloneApp.swift */ = {isa = PBXFileReference; lastKnownFileType = sourcecode.swift; path = tik_tok_cloneApp.swift; sourceTree = "<group>"; };
		4806B4B928B0FA8E00BC3A12 /* ContentView.swift */ = {isa = PBXFileReference; lastKnownFileType = sourcecode.swift; path = ContentView.swift; sourceTree = "<group>"; };
		4806B4BB28B0FA8F00BC3A12 /* Assets.xcassets */ = {isa = PBXFileReference; lastKnownFileType = folder.assetcatalog; path = Assets.xcassets; sourceTree = "<group>"; };
		4806B4BD28B0FA8F00BC3A12 /* tik_tok_clone.entitlements */ = {isa = PBXFileReference; lastKnownFileType = text.plist.entitlements; path = tik_tok_clone.entitlements; sourceTree = "<group>"; };
		4806B4BF28B0FA8F00BC3A12 /* Preview Assets.xcassets */ = {isa = PBXFileReference; lastKnownFileType = folder.assetcatalog; path = "Preview Assets.xcassets"; sourceTree = "<group>"; };
		4806B4C528B0FA8F00BC3A12 /* tik-tok-cloneTests.xctest */ = {isa = PBXFileReference; explicitFileType = wrapper.cfbundle; includeInIndex = 0; path = "tik-tok-cloneTests.xctest"; sourceTree = BUILT_PRODUCTS_DIR; };
		4806B4C928B0FA8F00BC3A12 /* tik_tok_cloneTests.swift */ = {isa = PBXFileReference; lastKnownFileType = sourcecode.swift; path = tik_tok_cloneTests.swift; sourceTree = "<group>"; };
		4806B4CF28B0FA8F00BC3A12 /* tik-tok-cloneUITests.xctest */ = {isa = PBXFileReference; explicitFileType = wrapper.cfbundle; includeInIndex = 0; path = "tik-tok-cloneUITests.xctest"; sourceTree = BUILT_PRODUCTS_DIR; };
		4806B4D328B0FA8F00BC3A12 /* tik_tok_cloneUITests.swift */ = {isa = PBXFileReference; lastKnownFileType = sourcecode.swift; path = tik_tok_cloneUITests.swift; sourceTree = "<group>"; };
		4806B4D528B0FA8F00BC3A12 /* tik_tok_cloneUITestsLaunchTests.swift */ = {isa = PBXFileReference; lastKnownFileType = sourcecode.swift; path = tik_tok_cloneUITestsLaunchTests.swift; sourceTree = "<group>"; };
/* End PBXFileReference section */

/* Begin PBXFrameworksBuildPhase section */
		4806B4B128B0FA8E00BC3A12 /* Frameworks */ = {
			isa = PBXFrameworksBuildPhase;
			buildActionMask = 2147483647;
			files = (
			);
			runOnlyForDeploymentPostprocessing = 0;
		};
		4806B4C228B0FA8F00BC3A12 /* Frameworks */ = {
			isa = PBXFrameworksBuildPhase;
			buildActionMask = 2147483647;
			files = (
			);
			runOnlyForDeploymentPostprocessing = 0;
		};
		4806B4CC28B0FA8F00BC3A12 /* Frameworks */ = {
			isa = PBXFrameworksBuildPhase;
			buildActionMask = 2147483647;
			files = (
			);
			runOnlyForDeploymentPostprocessing = 0;
		};
/* End PBXFrameworksBuildPhase section */

/* Begin PBXGroup section */
		4806B4AB28B0FA8E00BC3A12 = {
			isa = PBXGroup;
			children = (
				4806B4B628B0FA8E00BC3A12 /* tik-tok-clone */,
				4806B4C828B0FA8F00BC3A12 /* tik-tok-cloneTests */,
				4806B4D228B0FA8F00BC3A12 /* tik-tok-cloneUITests */,
				4806B4B528B0FA8E00BC3A12 /* Products */,
			);
			sourceTree = "<group>";
		};
		4806B4B528B0FA8E00BC3A12 /* Products */ = {
			isa = PBXGroup;
			children = (
				4806B4B428B0FA8E00BC3A12 /* tik-tok-clone.app */,
				4806B4C528B0FA8F00BC3A12 /* tik-tok-cloneTests.xctest */,
				4806B4CF28B0FA8F00BC3A12 /* tik-tok-cloneUITests.xctest */,
			);
			name = Products;
			sourceTree = "<group>";
		};
		4806B4B628B0FA8E00BC3A12 /* tik-tok-clone */ = {
			isa = PBXGroup;
			children = (
				4806B4B728B0FA8E00BC3A12 /* tik_tok_cloneApp.swift */,
				4806B4B928B0FA8E00BC3A12 /* ContentView.swift */,
				4806B4BB28B0FA8F00BC3A12 /* Assets.xcassets */,
				4806B4BD28B0FA8F00BC3A12 /* tik_tok_clone.entitlements */,
				4806B4BE28B0FA8F00BC3A12 /* Preview Content */,
			);
			path = "tik-tok-clone";
			sourceTree = "<group>";
		};
		4806B4BE28B0FA8F00BC3A12 /* Preview Content */ = {
			isa = PBXGroup;
			children = (
				4806B4BF28B0FA8F00BC3A12 /* Preview Assets.xcassets */,
			);
			path = "Preview Content";
			sourceTree = "<group>";
		};
		4806B4C828B0FA8F00BC3A12 /* tik-tok-cloneTests */ = {
			isa = PBXGroup;
			children = (
				4806B4C928B0FA8F00BC3A12 /* tik_tok_cloneTests.swift */,
			);
			path = "tik-tok-cloneTests";
			sourceTree = "<group>";
		};
		4806B4D228B0FA8F00BC3A12 /* tik-tok-cloneUITests */ = {
			isa = PBXGroup;
			children = (
				4806B4D328B0FA8F00BC3A12 /* tik_tok_cloneUITests.swift */,
				4806B4D528B0FA8F00BC3A12 /* tik_tok_cloneUITestsLaunchTests.swift */,
			);
			path = "tik-tok-cloneUITests";
			sourceTree = "<group>";
		};
/* End PBXGroup section */

/* Begin PBXNativeTarget section */
		4806B4B328B0FA8E00BC3A12 /* tik-tok-clone */ = {
			isa = PBXNativeTarget;
			buildConfigurationList = 4806B4D928B0FA8F00BC3A12 /* Build configuration list for PBXNativeTarget "tik-tok-clone" */;
			buildPhases = (
				4806B4B028B0FA8E00BC3A12 /* Sources */,
				4806B4B128B0FA8E00BC3A12 /* Frameworks */,
				4806B4B228B0FA8E00BC3A12 /* Resources */,
			);
			buildRules = (
			);
			dependencies = (
			);
			name = "tik-tok-clone";
			productName = "tik-tok-clone";
			productReference = 4806B4B428B0FA8E00BC3A12 /* tik-tok-clone.app */;
			productType = "com.apple.product-type.application";
		};
		4806B4C428B0FA8F00BC3A12 /* tik-tok-cloneTests */ = {
			isa = PBXNativeTarget;
			buildConfigurationList = 4806B4DC28B0FA8F00BC3A12 /* Build configuration list for PBXNativeTarget "tik-tok-cloneTests" */;
			buildPhases = (
				4806B4C128B0FA8F00BC3A12 /* Sources */,
				4806B4C228B0FA8F00BC3A12 /* Frameworks */,
				4806B4C328B0FA8F00BC3A12 /* Resources */,
			);
			buildRules = (
			);
			dependencies = (
				4806B4C728B0FA8F00BC3A12 /* PBXTargetDependency */,
			);
			name = "tik-tok-cloneTests";
			productName = "tik-tok-cloneTests";
			productReference = 4806B4C528B0FA8F00BC3A12 /* tik-tok-cloneTests.xctest */;
			productType = "com.apple.product-type.bundle.unit-test";
		};
		4806B4CE28B0FA8F00BC3A12 /* tik-tok-cloneUITests */ = {
			isa = PBXNativeTarget;
			buildConfigurationList = 4806B4DF28B0FA8F00BC3A12 /* Build configuration list for PBXNativeTarget "tik-tok-cloneUITests" */;
			buildPhases = (
				4806B4CB28B0FA8F00BC3A12 /* Sources */,
				4806B4CC28B0FA8F00BC3A12 /* Frameworks */,
				4806B4CD28B0FA8F00BC3A12 /* Resources */,
			);
			buildRules = (
			);
			dependencies = (
				4806B4D128B0FA8F00BC3A12 /* PBXTargetDependency */,
			);
			name = "tik-tok-cloneUITests";
			productName = "tik-tok-cloneUITests";
			productReference = 4806B4CF28B0FA8F00BC3A12 /* tik-tok-cloneUITests.xctest */;
			productType = "com.apple.product-type.bundle.ui-testing";
		};
/* End PBXNativeTarget section */

/* Begin PBXProject section */
		4806B4AC28B0FA8E00BC3A12 /* Project object */ = {
			isa = PBXProject;
			attributes = {
				BuildIndependentTargetsInParallel = 1;
				LastSwiftUpdateCheck = 1400;
				LastUpgradeCheck = 1400;
				TargetAttributes = {
					4806B4B328B0FA8E00BC3A12 = {
						CreatedOnToolsVersion = 14.0;
					};
					4806B4C428B0FA8F00BC3A12 = {
						CreatedOnToolsVersion = 14.0;
						TestTargetID = 4806B4B328B0FA8E00BC3A12;
					};
					4806B4CE28B0FA8F00BC3A12 = {
						CreatedOnToolsVersion = 14.0;
						TestTargetID = 4806B4B328B0FA8E00BC3A12;
					};
				};
			};
			buildConfigurationList = 4806B4AF28B0FA8E00BC3A12 /* Build configuration list for PBXProject "tik-tok-clone" */;
			compatibilityVersion = "Xcode 14.0";
			developmentRegion = en;
			hasScannedForEncodings = 0;
			knownRegions = (
				en,
				Base,
			);
			mainGroup = 4806B4AB28B0FA8E00BC3A12;
			productRefGroup = 4806B4B528B0FA8E00BC3A12 /* Products */;
			projectDirPath = "";
			projectRoot = "";
			targets = (
				4806B4B328B0FA8E00BC3A12 /* tik-tok-clone */,
				4806B4C428B0FA8F00BC3A12 /* tik-tok-cloneTests */,
				4806B4CE28B0FA8F00BC3A12 /* tik-tok-cloneUITests */,
			);
		};
/* End PBXProject section */

/* Begin PBXResourcesBuildPhase section */
		4806B4B228B0FA8E00BC3A12 /* Resources */ = {
			isa = PBXResourcesBuildPhase;
			buildActionMask = 2147483647;
			files = (
				4806B4C028B0FA8F00BC3A12 /* Preview Assets.xcassets in Resources */,
				4806B4BC28B0FA8F00BC3A12 /* Assets.xcassets in Resources */,
			);
			runOnlyForDeploymentPostprocessing = 0;
		};
		4806B4C328B0FA8F00BC3A12 /* Resources */ = {
			isa = PBXResourcesBuildPhase;
			buildActionMask = 2147483647;
			files = (
			);
			runOnlyForDeploymentPostprocessing = 0;
		};
		4806B4CD28B0FA8F00BC3A12 /* Resources */ = {
			isa = PBXResourcesBuildPhase;
			buildActionMask = 2147483647;
			files = (
			);
			runOnlyForDeploymentPostprocessing = 0;
		};
/* End PBXResourcesBuildPhase section */

/* Begin PBXSourcesBuildPhase section */
		4806B4B028B0FA8E00BC3A12 /* Sources */ = {
			isa = PBXSourcesBuildPhase;
			buildActionMask = 2147483647;
			files = (
				4806B4BA28B0FA8E00BC3A12 /* ContentView.swift in Sources */,
				4806B4B828B0FA8E00BC3A12 /* tik_tok_cloneApp.swift in Sources */,
			);
			runOnlyForDeploymentPostprocessing = 0;
		};
		4806B4C128B0FA8F00BC3A12 /* Sources */ = {
			isa = PBXSourcesBuildPhase;
			buildActionMask = 2147483647;
			files = (
				4806B4CA28B0FA8F00BC3A12 /* tik_tok_cloneTests.swift in Sources */,
			);
			runOnlyForDeploymentPostprocessing = 0;
		};
		4806B4CB28B0FA8F00BC3A12 /* Sources */ = {
			isa = PBXSourcesBuildPhase;
			buildActionMask = 2147483647;
			files = (
				4806B4D628B0FA8F00BC3A12 /* tik_tok_cloneUITestsLaunchTests.swift in Sources */,
				4806B4D428B0FA8F00BC3A12 /* tik_tok_cloneUITests.swift in Sources */,
			);
			runOnlyForDeploymentPostprocessing = 0;
		};
/* End PBXSourcesBuildPhase section */

/* Begin PBXTargetDependency section */
		4806B4C728B0FA8F00BC3A12 /* PBXTargetDependency */ = {
			isa = PBXTargetDependency;
			target = 4806B4B328B0FA8E00BC3A12 /* tik-tok-clone */;
			targetProxy = 4806B4C628B0FA8F00BC3A12 /* PBXContainerItemProxy */;
		};
		4806B4D128B0FA8F00BC3A12 /* PBXTargetDependency */ = {
			isa = PBXTargetDependency;
			target = 4806B4B328B0FA8E00BC3A12 /* tik-tok-clone */;
			targetProxy = 4806B4D028B0FA8F00BC3A12 /* PBXContainerItemProxy */;
		};
/* End PBXTargetDependency section */

/* Begin XCBuildConfiguration section */
		4806B4D728B0FA8F00BC3A12 /* Debug */ = {
			isa = XCBuildConfiguration;
			buildSettings = {
				ALWAYS_SEARCH_USER_PATHS = NO;
				CLANG_ANALYZER_NONNULL = YES;
				CLANG_ANALYZER_NUMBER_OBJECT_CONVERSION = YES_AGGRESSIVE;
				CLANG_CXX_LANGUAGE_STANDARD = "gnu++20";
				CLANG_ENABLE_MODULES = YES;
				CLANG_ENABLE_OBJC_ARC = YES;
				CLANG_ENABLE_OBJC_WEAK = YES;
				CLANG_WARN_BLOCK_CAPTURE_AUTORELEASING = YES;
				CLANG_WARN_BOOL_CONVERSION = YES;
				CLANG_WARN_COMMA = YES;
				CLANG_WARN_CONSTANT_CONVERSION = YES;
				CLANG_WARN_DEPRECATED_OBJC_IMPLEMENTATIONS = YES;
				CLANG_WARN_DIRECT_OBJC_ISA_USAGE = YES_ERROR;
				CLANG_WARN_DOCUMENTATION_COMMENTS = YES;
				CLANG_WARN_EMPTY_BODY = YES;
				CLANG_WARN_ENUM_CONVERSION = YES;
				CLANG_WARN_INFINITE_RECURSION = YES;
				CLANG_WARN_INT_CONVERSION = YES;
				CLANG_WARN_NON_LITERAL_NULL_CONVERSION = YES;
				CLANG_WARN_OBJC_IMPLICIT_RETAIN_SELF = YES;
				CLANG_WARN_OBJC_LITERAL_CONVERSION = YES;
				CLANG_WARN_OBJC_ROOT_CLASS = YES_ERROR;
				CLANG_WARN_QUOTED_INCLUDE_IN_FRAMEWORK_HEADER = YES;
				CLANG_WARN_RANGE_LOOP_ANALYSIS = YES;
				CLANG_WARN_STRICT_PROTOTYPES = YES;
				CLANG_WARN_SUSPICIOUS_MOVE = YES;
				CLANG_WARN_UNGUARDED_AVAILABILITY = YES_AGGRESSIVE;
				CLANG_WARN_UNREACHABLE_CODE = YES;
				CLANG_WARN__DUPLICATE_METHOD_MATCH = YES;
				COPY_PHASE_STRIP = NO;
				DEBUG_INFORMATION_FORMAT = dwarf;
				ENABLE_STRICT_OBJC_MSGSEND = YES;
				ENABLE_TESTABILITY = YES;
				GCC_C_LANGUAGE_STANDARD = gnu11;
				GCC_DYNAMIC_NO_PIC = NO;
				GCC_NO_COMMON_BLOCKS = YES;
				GCC_OPTIMIZATION_LEVEL = 0;
				GCC_PREPROCESSOR_DEFINITIONS = (
					"DEBUG=1",
					"$(inherited)",
				);
				GCC_WARN_64_TO_32_BIT_CONVERSION = YES;
				GCC_WARN_ABOUT_RETURN_TYPE = YES_ERROR;
				GCC_WARN_UNDECLARED_SELECTOR = YES;
				GCC_WARN_UNINITIALIZED_AUTOS = YES_AGGRESSIVE;
				GCC_WARN_UNUSED_FUNCTION = YES;
				GCC_WARN_UNUSED_VARIABLE = YES;
				MTL_ENABLE_DEBUG_INFO = INCLUDE_SOURCE;
				MTL_FAST_MATH = YES;
				ONLY_ACTIVE_ARCH = YES;
				SWIFT_ACTIVE_COMPILATION_CONDITIONS = DEBUG;
				SWIFT_OPTIMIZATION_LEVEL = "-Onone";
			};
			name = Debug;
		};
		4806B4D828B0FA8F00BC3A12 /* Release */ = {
			isa = XCBuildConfiguration;
			buildSettings = {
				ALWAYS_SEARCH_USER_PATHS = NO;
				CLANG_ANALYZER_NONNULL = YES;
				CLANG_ANALYZER_NUMBER_OBJECT_CONVERSION = YES_AGGRESSIVE;
				CLANG_CXX_LANGUAGE_STANDARD = "gnu++20";
				CLANG_ENABLE_MODULES = YES;
				CLANG_ENABLE_OBJC_ARC = YES;
				CLANG_ENABLE_OBJC_WEAK = YES;
				CLANG_WARN_BLOCK_CAPTURE_AUTORELEASING = YES;
				CLANG_WARN_BOOL_CONVERSION = YES;
				CLANG_WARN_COMMA = YES;
				CLANG_WARN_CONSTANT_CONVERSION = YES;
				CLANG_WARN_DEPRECATED_OBJC_IMPLEMENTATIONS = YES;
				CLANG_WARN_DIRECT_OBJC_ISA_USAGE = YES_ERROR;
				CLANG_WARN_DOCUMENTATION_COMMENTS = YES;
				CLANG_WARN_EMPTY_BODY = YES;
				CLANG_WARN_ENUM_CONVERSION = YES;
				CLANG_WARN_INFINITE_RECURSION = YES;
				CLANG_WARN_INT_CONVERSION = YES;
				CLANG_WARN_NON_LITERAL_NULL_CONVERSION = YES;
				CLANG_WARN_OBJC_IMPLICIT_RETAIN_SELF = YES;
				CLANG_WARN_OBJC_LITERAL_CONVERSION = YES;
				CLANG_WARN_OBJC_ROOT_CLASS = YES_ERROR;
				CLANG_WARN_QUOTED_INCLUDE_IN_FRAMEWORK_HEADER = YES;
				CLANG_WARN_RANGE_LOOP_ANALYSIS = YES;
				CLANG_WARN_STRICT_PROTOTYPES = YES;
				CLANG_WARN_SUSPICIOUS_MOVE = YES;
				CLANG_WARN_UNGUARDED_AVAILABILITY = YES_AGGRESSIVE;
				CLANG_WARN_UNREACHABLE_CODE = YES;
				CLANG_WARN__DUPLICATE_METHOD_MATCH = YES;
				COPY_PHASE_STRIP = NO;
				DEBUG_INFORMATION_FORMAT = "dwarf-with-dsym";
				ENABLE_NS_ASSERTIONS = NO;
				ENABLE_STRICT_OBJC_MSGSEND = YES;
				GCC_C_LANGUAGE_STANDARD = gnu11;
				GCC_NO_COMMON_BLOCKS = YES;
				GCC_WARN_64_TO_32_BIT_CONVERSION = YES;
				GCC_WARN_ABOUT_RETURN_TYPE = YES_ERROR;
				GCC_WARN_UNDECLARED_SELECTOR = YES;
				GCC_WARN_UNINITIALIZED_AUTOS = YES_AGGRESSIVE;
				GCC_WARN_UNUSED_FUNCTION = YES;
				GCC_WARN_UNUSED_VARIABLE = YES;
				MTL_ENABLE_DEBUG_INFO = NO;
				MTL_FAST_MATH = YES;
				SWIFT_COMPILATION_MODE = wholemodule;
				SWIFT_OPTIMIZATION_LEVEL = "-O";
			};
			name = Release;
		};
		4806B4DA28B0FA8F00BC3A12 /* Debug */ = {
			isa = XCBuildConfiguration;
			buildSettings = {
				ASSETCATALOG_COMPILER_APPICON_NAME = AppIcon;
				ASSETCATALOG_COMPILER_GLOBAL_ACCENT_COLOR_NAME = AccentColor;
				CODE_SIGN_ENTITLEMENTS = "tik-tok-clone/tik_tok_clone.entitlements";
				CODE_SIGN_STYLE = Automatic;
				CURRENT_PROJECT_VERSION = 1;
				DEVELOPMENT_ASSET_PATHS = "\"tik-tok-clone/Preview Content\"";
				DEVELOPMENT_TEAM = SN2649LZ84;
				ENABLE_HARDENED_RUNTIME = YES;
				ENABLE_PREVIEWS = YES;
				GENERATE_INFOPLIST_FILE = YES;
				"INFOPLIST_KEY_UIApplicationSceneManifest_Generation[sdk=iphoneos*]" = YES;
				"INFOPLIST_KEY_UIApplicationSceneManifest_Generation[sdk=iphonesimulator*]" = YES;
				"INFOPLIST_KEY_UIApplicationSupportsIndirectInputEvents[sdk=iphoneos*]" = YES;
				"INFOPLIST_KEY_UIApplicationSupportsIndirectInputEvents[sdk=iphonesimulator*]" = YES;
				"INFOPLIST_KEY_UILaunchScreen_Generation[sdk=iphoneos*]" = YES;
				"INFOPLIST_KEY_UILaunchScreen_Generation[sdk=iphonesimulator*]" = YES;
				"INFOPLIST_KEY_UIStatusBarStyle[sdk=iphoneos*]" = UIStatusBarStyleDefault;
				"INFOPLIST_KEY_UIStatusBarStyle[sdk=iphonesimulator*]" = UIStatusBarStyleDefault;
				INFOPLIST_KEY_UISupportedInterfaceOrientations_iPad = "UIInterfaceOrientationPortrait UIInterfaceOrientationPortraitUpsideDown UIInterfaceOrientationLandscapeLeft UIInterfaceOrientationLandscapeRight";
				INFOPLIST_KEY_UISupportedInterfaceOrientations_iPhone = "UIInterfaceOrientationPortrait UIInterfaceOrientationLandscapeLeft UIInterfaceOrientationLandscapeRight";
				IPHONEOS_DEPLOYMENT_TARGET = 16.0;
				LD_RUNPATH_SEARCH_PATHS = "@executable_path/Frameworks";
				"LD_RUNPATH_SEARCH_PATHS[sdk=macosx*]" = "@executable_path/../Frameworks";
				MACOSX_DEPLOYMENT_TARGET = 12.5;
				MARKETING_VERSION = 1.0;
				PRODUCT_BUNDLE_IDENTIFIER = "com.matty316.tik-tok-clone";
				PRODUCT_NAME = "$(TARGET_NAME)";
				SDKROOT = auto;
				SUPPORTED_PLATFORMS = "iphoneos iphonesimulator macosx";
				SWIFT_EMIT_LOC_STRINGS = YES;
				SWIFT_VERSION = 5.0;
				TARGETED_DEVICE_FAMILY = "1,2";
			};
			name = Debug;
		};
		4806B4DB28B0FA8F00BC3A12 /* Release */ = {
			isa = XCBuildConfiguration;
			buildSettings = {
				ASSETCATALOG_COMPILER_APPICON_NAME = AppIcon;
				ASSETCATALOG_COMPILER_GLOBAL_ACCENT_COLOR_NAME = AccentColor;
				CODE_SIGN_ENTITLEMENTS = "tik-tok-clone/tik_tok_clone.entitlements";
				CODE_SIGN_STYLE = Automatic;
				CURRENT_PROJECT_VERSION = 1;
				DEVELOPMENT_ASSET_PATHS = "\"tik-tok-clone/Preview Content\"";
				DEVELOPMENT_TEAM = SN2649LZ84;
				ENABLE_HARDENED_RUNTIME = YES;
				ENABLE_PREVIEWS = YES;
				GENERATE_INFOPLIST_FILE = YES;
				"INFOPLIST_KEY_UIApplicationSceneManifest_Generation[sdk=iphoneos*]" = YES;
				"INFOPLIST_KEY_UIApplicationSceneManifest_Generation[sdk=iphonesimulator*]" = YES;
				"INFOPLIST_KEY_UIApplicationSupportsIndirectInputEvents[sdk=iphoneos*]" = YES;
				"INFOPLIST_KEY_UIApplicationSupportsIndirectInputEvents[sdk=iphonesimulator*]" = YES;
				"INFOPLIST_KEY_UILaunchScreen_Generation[sdk=iphoneos*]" = YES;
				"INFOPLIST_KEY_UILaunchScreen_Generation[sdk=iphonesimulator*]" = YES;
				"INFOPLIST_KEY_UIStatusBarStyle[sdk=iphoneos*]" = UIStatusBarStyleDefault;
				"INFOPLIST_KEY_UIStatusBarStyle[sdk=iphonesimulator*]" = UIStatusBarStyleDefault;
				INFOPLIST_KEY_UISupportedInterfaceOrientations_iPad = "UIInterfaceOrientationPortrait UIInterfaceOrientationPortraitUpsideDown UIInterfaceOrientationLandscapeLeft UIInterfaceOrientationLandscapeRight";
				INFOPLIST_KEY_UISupportedInterfaceOrientations_iPhone = "UIInterfaceOrientationPortrait UIInterfaceOrientationLandscapeLeft UIInterfaceOrientationLandscapeRight";
				IPHONEOS_DEPLOYMENT_TARGET = 16.0;
				LD_RUNPATH_SEARCH_PATHS = "@executable_path/Frameworks";
				"LD_RUNPATH_SEARCH_PATHS[sdk=macosx*]" = "@executable_path/../Frameworks";
				MACOSX_DEPLOYMENT_TARGET = 12.5;
				MARKETING_VERSION = 1.0;
				PRODUCT_BUNDLE_IDENTIFIER = "com.matty316.tik-tok-clone";
				PRODUCT_NAME = "$(TARGET_NAME)";
				SDKROOT = auto;
				SUPPORTED_PLATFORMS = "iphoneos iphonesimulator macosx";
				SWIFT_EMIT_LOC_STRINGS = YES;
				SWIFT_VERSION = 5.0;
				TARGETED_DEVICE_FAMILY = "1,2";
			};
			name = Release;
		};
		4806B4DD28B0FA8F00BC3A12 /* Debug */ = {
			isa = XCBuildConfiguration;
			buildSettings = {
				ALWAYS_EMBED_SWIFT_STANDARD_LIBRARIES = YES;
				BUNDLE_LOADER = "$(TEST_HOST)";
				CODE_SIGN_STYLE = Automatic;
				CURRENT_PROJECT_VERSION = 1;
				DEVELOPMENT_TEAM = SN2649LZ84;
				GENERATE_INFOPLIST_FILE = YES;
				IPHONEOS_DEPLOYMENT_TARGET = 16.0;
				MACOSX_DEPLOYMENT_TARGET = 12.5;
				MARKETING_VERSION = 1.0;
				PRODUCT_BUNDLE_IDENTIFIER = "com.matty316.tik-tok-cloneTests";
				PRODUCT_NAME = "$(TARGET_NAME)";
				SDKROOT = auto;
				SUPPORTED_PLATFORMS = "iphoneos iphonesimulator macosx";
				SWIFT_EMIT_LOC_STRINGS = NO;
				SWIFT_VERSION = 5.0;
				TARGETED_DEVICE_FAMILY = "1,2";
				TEST_HOST = "$(BUILT_PRODUCTS_DIR)/tik-tok-clone.app/$(BUNDLE_EXECUTABLE_FOLDER_PATH)/tik-tok-clone";
			};
			name = Debug;
		};
		4806B4DE28B0FA8F00BC3A12 /* Release */ = {
			isa = XCBuildConfiguration;
			buildSettings = {
				ALWAYS_EMBED_SWIFT_STANDARD_LIBRARIES = YES;
				BUNDLE_LOADER = "$(TEST_HOST)";
				CODE_SIGN_STYLE = Automatic;
				CURRENT_PROJECT_VERSION = 1;
				DEVELOPMENT_TEAM = SN2649LZ84;
				GENERATE_INFOPLIST_FILE = YES;
				IPHONEOS_DEPLOYMENT_TARGET = 16.0;
				MACOSX_DEPLOYMENT_TARGET = 12.5;
				MARKETING_VERSION = 1.0;
				PRODUCT_BUNDLE_IDENTIFIER = "com.matty316.tik-tok-cloneTests";
				PRODUCT_NAME = "$(TARGET_NAME)";
				SDKROOT = auto;
				SUPPORTED_PLATFORMS = "iphoneos iphonesimulator macosx";
				SWIFT_EMIT_LOC_STRINGS = NO;
				SWIFT_VERSION = 5.0;
				TARGETED_DEVICE_FAMILY = "1,2";
				TEST_HOST = "$(BUILT_PRODUCTS_DIR)/tik-tok-clone.app/$(BUNDLE_EXECUTABLE_FOLDER_PATH)/tik-tok-clone";
			};
			name = Release;
		};
		4806B4E028B0FA8F00BC3A12 /* Debug */ = {
			isa = XCBuildConfiguration;
			buildSettings = {
				ALWAYS_EMBED_SWIFT_STANDARD_LIBRARIES = YES;
				CODE_SIGN_STYLE = Automatic;
				CURRENT_PROJECT_VERSION = 1;
				DEVELOPMENT_TEAM = SN2649LZ84;
				GENERATE_INFOPLIST_FILE = YES;
				IPHONEOS_DEPLOYMENT_TARGET = 16.0;
				MACOSX_DEPLOYMENT_TARGET = 12.5;
				MARKETING_VERSION = 1.0;
				PRODUCT_BUNDLE_IDENTIFIER = "com.matty316.tik-tok-cloneUITests";
				PRODUCT_NAME = "$(TARGET_NAME)";
				SDKROOT = auto;
				SUPPORTED_PLATFORMS = "iphoneos iphonesimulator macosx";
				SWIFT_EMIT_LOC_STRINGS = NO;
				SWIFT_VERSION = 5.0;
				TARGETED_DEVICE_FAMILY = "1,2";
				TEST_TARGET_NAME = "tik-tok-clone";
			};
			name = Debug;
		};
		4806B4E128B0FA8F00BC3A12 /* Release */ = {
			isa = XCBuildConfiguration;
			buildSettings = {
				ALWAYS_EMBED_SWIFT_STANDARD_LIBRARIES = YES;
				CODE_SIGN_STYLE = Automatic;
				CURRENT_PROJECT_VERSION = 1;
				DEVELOPMENT_TEAM = SN2649LZ84;
				GENERATE_INFOPLIST_FILE = YES;
				IPHONEOS_DEPLOYMENT_TARGET = 16.0;
				MACOSX_DEPLOYMENT_TARGET = 12.5;
				MARKETING_VERSION = 1.0;
				PRODUCT_BUNDLE_IDENTIFIER = "com.matty316.tik-tok-cloneUITests";
				PRODUCT_NAME = "$(TARGET_NAME)";
				SDKROOT = auto;
				SUPPORTED_PLATFORMS = "iphoneos iphonesimulator macosx";
				SWIFT_EMIT_LOC_STRINGS = NO;
				SWIFT_VERSION = 5.0;
				TARGETED_DEVICE_FAMILY = "1,2";
				TEST_TARGET_NAME = "tik-tok-clone";
			};
			name = Release;
		};
/* End XCBuildConfiguration section */

/* Begin XCConfigurationList section */
		4806B4AF28B0FA8E00BC3A12 /* Build configuration list for PBXProject "tik-tok-clone" */ = {
			isa = XCConfigurationList;
			buildConfigurations = (
				4806B4D728B0FA8F00BC3A12 /* Debug */,
				4806B4D828B0FA8F00BC3A12 /* Release */,
			);
			defaultConfigurationIsVisible = 0;
			defaultConfigurationName = Release;
		};
		4806B4D928B0FA8F00BC3A12 /* Build configuration list for PBXNativeTarget "tik-tok-clone" */ = {
			isa = XCConfigurationList;
			buildConfigurations = (
				4806B4DA28B0FA8F00BC3A12 /* Debug */,
				4806B4DB28B0FA8F00BC3A12 /* Release */,
			);
			defaultConfigurationIsVisible = 0;
			defaultConfigurationName = Release;
		};
		4806B4DC28B0FA8F00BC3A12 /* Build configuration list for PBXNativeTarget "tik-tok-cloneTests" */ = {
			isa = XCConfigurationList;
			buildConfigurations = (
				4806B4DD28B0FA8F00BC3A12 /* Debug */,
				4806B4DE28B0FA8F00BC3A12 /* Release */,
			);
			defaultConfigurationIsVisible = 0;
			defaultConfigurationName = Release;
		};
		4806B4DF28B0FA8F00BC3A12 /* Build configuration list for PBXNativeTarget "tik-tok-cloneUITests" */ = {
			isa = XCConfigurationList;
			buildConfigurations = (
				4806B4E028B0FA8F00BC3A12 /* Debug */,
				4806B4E128B0FA8F00BC3A12 /* Release */,
			);
			defaultConfigurationIsVisible = 0;
			defaultConfigurationName = Release;
		};
/* End XCConfigurationList section */
	};
	rootObject = 4806B4AC28B0FA8E00BC3A12 /* Project object */;
}
